
Microsoft Visual Studio Solution File, Format Version 12.00
# Visual Studio Version 17
VisualStudioVersion = 17.14.36212.18 d17.14
MinimumVisualStudioVersion = 10.0.40219.1
Project("{FAE04EC0-301F-11D3-BF4B-00C04F79EFBC}") = "Producer", "Producer\Producer.csproj", "{978FC366-FF21-40F3-B409-5019100A6031}"
EndProject
Project("{FAE04EC0-301F-11D3-BF4B-00C04F79EFBC}") = "Consumer", "Consumer\Consumer.csproj", "{9AF15452-C0B3-4D8D-AE42-BE6EC9FEA733}"
EndProject
Global
	GlobalSection(SolutionConfigurationPlatforms) = preSolution
		Debug|Any CPU = Debug|Any CPU
		Release|Any CPU = Release|Any CPU
	EndGlobalSection
	GlobalSection(ProjectConfigurationPlatforms) = postSolution
		{978FC366-FF21-40F3-B409-5019100A6031}.Debug|Any CPU.ActiveCfg = Debug|Any CPU
		{978FC366-FF21-40F3-B409-5019100A6031}.Debug|Any CPU.Build.0 = Debug|Any CPU
		{978FC366-FF21-40F3-B409-5019100A6031}.Release|Any CPU.ActiveCfg = Release|Any CPU
		{978FC366-FF21-40F3-B409-5019100A6031}.Release|Any CPU.Build.0 = Release|Any CPU
		{9AF15452-C0B3-4D8D-AE42-BE6EC9FEA733}.Debug|Any CPU.ActiveCfg = Debug|Any CPU
		{9AF15452-C0B3-4D8D-AE42-BE6EC9FEA733}.Debug|Any CPU.Build.0 = Debug|Any CPU
		{9AF15452-C0B3-4D8D-AE42-BE6EC9FEA733}.Release|Any CPU.ActiveCfg = Release|Any CPU
		{9AF15452-C0B3-4D8D-AE42-BE6EC9FEA733}.Release|Any CPU.Build.0 = Release|Any CPU
	EndGlobalSection
	GlobalSection(SolutionProperties) = preSolution
		HideSolutionNode = FALSE
	EndGlobalSection
	GlobalSection(ExtensibilityGlobals) = postSolution
		SolutionGuid = {B892B942-7577-4177-B7C8-809AA9B3C94A}
	EndGlobalSection
EndGlobal
